
Microsoft Visual Studio Solution File, Format Version 12.00
# Visual Studio Version 17
VisualStudioVersion = 17.0.32112.339
MinimumVisualStudioVersion = 10.0.40219.1
Project("{FAE04EC0-301F-11D3-BF4B-00C04F79EFBC}") = "TestAPI", "TestAPI\TestAPI.csproj", "{82F0435E-0649-4FEF-AC77-3954DDC7B5A2}"
EndProject
Global
	GlobalSection(SolutionConfigurationPlatforms) = preSolution
		Debug|Any CPU = Debug|Any CPU
		Release|Any CPU = Release|Any CPU
	EndGlobalSection
	GlobalSection(ProjectConfigurationPlatforms) = postSolution
		{82F0435E-0649-4FEF-AC77-3954DDC7B5A2}.Debug|Any CPU.ActiveCfg = Debug|Any CPU
		{82F0435E-0649-4FEF-AC77-3954DDC7B5A2}.Debug|Any CPU.Build.0 = Debug|Any CPU
		{82F0435E-0649-4FEF-AC77-3954DDC7B5A2}.Release|Any CPU.ActiveCfg = Release|Any CPU
		{82F0435E-0649-4FEF-AC77-3954DDC7B5A2}.Release|Any CPU.Build.0 = Release|Any CPU
	EndGlobalSection
	GlobalSection(SolutionProperties) = preSolution
		HideSolutionNode = FALSE
	EndGlobalSection
	GlobalSection(ExtensibilityGlobals) = postSolution
		SolutionGuid = {BF88501C-3F20-430B-9ABF-B421B33DCE0D}
	EndGlobalSection
EndGlobal
